
Microsoft Visual Studio Solution File, Format Version 12.00
# Visual Studio Version 16
VisualStudioVersion = 16.0.30204.135
MinimumVisualStudioVersion = 10.0.40219.1
Project("{FAE04EC0-301F-11D3-BF4B-00C04F79EFBC}") = "Brobeans1", "Brobeans1\Brobeans1.csproj", "{9FA32C1C-0122-4DF5-9EAE-6CFA3D4797FE}"
EndProject
Global
	GlobalSection(SolutionConfigurationPlatforms) = preSolution
		Debug|Any CPU = Debug|Any CPU
		Release|Any CPU = Release|Any CPU
	EndGlobalSection
	GlobalSection(ProjectConfigurationPlatforms) = postSolution
		{9FA32C1C-0122-4DF5-9EAE-6CFA3D4797FE}.Debug|Any CPU.ActiveCfg = Debug|Any CPU
		{9FA32C1C-0122-4DF5-9EAE-6CFA3D4797FE}.Debug|Any CPU.Build.0 = Debug|Any CPU
		{9FA32C1C-0122-4DF5-9EAE-6CFA3D4797FE}.Release|Any CPU.ActiveCfg = Release|Any CPU
		{9FA32C1C-0122-4DF5-9EAE-6CFA3D4797FE}.Release|Any CPU.Build.0 = Release|Any CPU
	EndGlobalSection
	GlobalSection(SolutionProperties) = preSolution
		HideSolutionNode = FALSE
	EndGlobalSection
	GlobalSection(ExtensibilityGlobals) = postSolution
		SolutionGuid = {849E7994-7347-412A-9512-94182BCF5896}
	EndGlobalSection
EndGlobal
